
Microsoft Visual Studio Solution File, Format Version 12.00
# Visual Studio Version 16
VisualStudioVersion = 16.0.30413.136
MinimumVisualStudioVersion = 10.0.40219.1
Project("{FAE04EC0-301F-11D3-BF4B-00C04F79EFBC}") = "Reading All the countries from CSV file", "Reading All the countries from CSV file\Reading All the countries from CSV file.csproj", "{DF20AD6B-27D0-4184-897E-41492684C8F2}"
EndProject
Global
	GlobalSection(SolutionConfigurationPlatforms) = preSolution
		Debug|Any CPU = Debug|Any CPU
		Release|Any CPU = Release|Any CPU
	EndGlobalSection
	GlobalSection(ProjectConfigurationPlatforms) = postSolution
		{DF20AD6B-27D0-4184-897E-41492684C8F2}.Debug|Any CPU.ActiveCfg = Debug|Any CPU
		{DF20AD6B-27D0-4184-897E-41492684C8F2}.Debug|Any CPU.Build.0 = Debug|Any CPU
		{DF20AD6B-27D0-4184-897E-41492684C8F2}.Release|Any CPU.ActiveCfg = Release|Any CPU
		{DF20AD6B-27D0-4184-897E-41492684C8F2}.Release|Any CPU.Build.0 = Release|Any CPU
	EndGlobalSection
	GlobalSection(SolutionProperties) = preSolution
		HideSolutionNode = FALSE
	EndGlobalSection
	GlobalSection(ExtensibilityGlobals) = postSolution
		SolutionGuid = {237168BA-58EA-47FF-BEBC-83B691427CB2}
	EndGlobalSection
EndGlobal
